// !$*UTF8*$!
{
	archiveVersion = 1;
	classes = {
	};
	objectVersion = 55;
	objects = {

/* Begin PBXBuildFile section */
		F355B700282D51010083FCD3 /* AppDelegate.swift in Sources */ = {isa = PBXBuildFile; fileRef = F355B6FF282D51010083FCD3 /* AppDelegate.swift */; };
		F355B702282D51010083FCD3 /* SceneDelegate.swift in Sources */ = {isa = PBXBuildFile; fileRef = F355B701282D51010083FCD3 /* SceneDelegate.swift */; };
		F355B70A282D51010083FCD3 /* TestProject.xcdatamodeld in Sources */ = {isa = PBXBuildFile; fileRef = F355B708282D51010083FCD3 /* TestProject.xcdatamodeld */; };
		F355B70C282D51060083FCD3 /* Assets.xcassets in Resources */ = {isa = PBXBuildFile; fileRef = F355B70B282D51060083FCD3 /* Assets.xcassets */; };
		F355B70F282D51060083FCD3 /* LaunchScreen.storyboard in Resources */ = {isa = PBXBuildFile; fileRef = F355B70D282D51060083FCD3 /* LaunchScreen.storyboard */; };
		F355B71A282D51070083FCD3 /* TestProjectTests.swift in Sources */ = {isa = PBXBuildFile; fileRef = F355B719282D51070083FCD3 /* TestProjectTests.swift */; };
		F355B724282D51070083FCD3 /* TestProjectUITests.swift in Sources */ = {isa = PBXBuildFile; fileRef = F355B723282D51070083FCD3 /* TestProjectUITests.swift */; };
		F355B726282D51070083FCD3 /* TestProjectUITestsLaunchTests.swift in Sources */ = {isa = PBXBuildFile; fileRef = F355B725282D51070083FCD3 /* TestProjectUITestsLaunchTests.swift */; };
		F355B734282E69700083FCD3 /* MainTabBarController.swift in Sources */ = {isa = PBXBuildFile; fileRef = F355B733282E69700083FCD3 /* MainTabBarController.swift */; };
		F355B736282E6A3E0083FCD3 /* HomeViewController.swift in Sources */ = {isa = PBXBuildFile; fileRef = F355B735282E6A3E0083FCD3 /* HomeViewController.swift */; };
		F355B738282E6AA80083FCD3 /* SearchViewController.swift in Sources */ = {isa = PBXBuildFile; fileRef = F355B737282E6AA80083FCD3 /* SearchViewController.swift */; };
		F355B73A282E6DF10083FCD3 /* Main.storyboard in Resources */ = {isa = PBXBuildFile; fileRef = F355B739282E6DF10083FCD3 /* Main.storyboard */; };
		F355B73D282E72AC0083FCD3 /* SegmentedControl + Extension.swift in Sources */ = {isa = PBXBuildFile; fileRef = F355B73C282E72AC0083FCD3 /* SegmentedControl + Extension.swift */; };
		F3FE73F4282FBF7D00092B9D /* Giphy.swift in Sources */ = {isa = PBXBuildFile; fileRef = F3FE73F3282FBF7D00092B9D /* Giphy.swift */; };
		F3FE73F6282FCB5B00092B9D /* APIManager.swift in Sources */ = {isa = PBXBuildFile; fileRef = F3FE73F5282FCB5B00092B9D /* APIManager.swift */; };
		F3FE73F8282FCB9800092B9D /* ErrorManager.swift in Sources */ = {isa = PBXBuildFile; fileRef = F3FE73F7282FCB9800092B9D /* ErrorManager.swift */; };
		F3FE73FA282FCC2C00092B9D /* APIGiphyManeger.swift in Sources */ = {isa = PBXBuildFile; fileRef = F3FE73F9282FCC2C00092B9D /* APIGiphyManeger.swift */; };
		F3FE73FC283045DA00092B9D /* Data.swift in Sources */ = {isa = PBXBuildFile; fileRef = F3FE73FB283045DA00092B9D /* Data.swift */; };
		F3FE73FF283058D800092B9D /* HomeCell.swift in Sources */ = {isa = PBXBuildFile; fileRef = F3FE73FE283058D800092B9D /* HomeCell.swift */; };
/* End PBXBuildFile section */

/* Begin PBXContainerItemProxy section */
		F355B716282D51070083FCD3 /* PBXContainerItemProxy */ = {
			isa = PBXContainerItemProxy;
			containerPortal = F355B6F4282D51010083FCD3 /* Project object */;
			proxyType = 1;
			remoteGlobalIDString = F355B6FB282D51010083FCD3;
			remoteInfo = TestProject;
		};
		F355B720282D51070083FCD3 /* PBXContainerItemProxy */ = {
			isa = PBXContainerItemProxy;
			containerPortal = F355B6F4282D51010083FCD3 /* Project object */;
			proxyType = 1;
			remoteGlobalIDString = F355B6FB282D51010083FCD3;
			remoteInfo = TestProject;
		};
/* End PBXContainerItemProxy section */

/* Begin PBXFileReference section */
		F355B6FC282D51010083FCD3 /* TestProject.app */ = {isa = PBXFileReference; explicitFileType = wrapper.application; includeInIndex = 0; path = TestProject.app; sourceTree = BUILT_PRODUCTS_DIR; };
		F355B6FF282D51010083FCD3 /* AppDelegate.swift */ = {isa = PBXFileReference; lastKnownFileType = sourcecode.swift; path = AppDelegate.swift; sourceTree = "<group>"; };
		F355B701282D51010083FCD3 /* SceneDelegate.swift */ = {isa = PBXFileReference; lastKnownFileType = sourcecode.swift; path = SceneDelegate.swift; sourceTree = "<group>"; };
		F355B709282D51010083FCD3 /* TestProject.xcdatamodel */ = {isa = PBXFileReference; lastKnownFileType = wrapper.xcdatamodel; path = TestProject.xcdatamodel; sourceTree = "<group>"; };
		F355B70B282D51060083FCD3 /* Assets.xcassets */ = {isa = PBXFileReference; lastKnownFileType = folder.assetcatalog; path = Assets.xcassets; sourceTree = "<group>"; };
		F355B70E282D51060083FCD3 /* Base */ = {isa = PBXFileReference; lastKnownFileType = file.storyboard; name = Base; path = Base.lproj/LaunchScreen.storyboard; sourceTree = "<group>"; };
		F355B710282D51060083FCD3 /* Info.plist */ = {isa = PBXFileReference; lastKnownFileType = text.plist.xml; path = Info.plist; sourceTree = "<group>"; };
		F355B715282D51070083FCD3 /* TestProjectTests.xctest */ = {isa = PBXFileReference; explicitFileType = wrapper.cfbundle; includeInIndex = 0; path = TestProjectTests.xctest; sourceTree = BUILT_PRODUCTS_DIR; };
		F355B719282D51070083FCD3 /* TestProjectTests.swift */ = {isa = PBXFileReference; lastKnownFileType = sourcecode.swift; path = TestProjectTests.swift; sourceTree = "<group>"; };
		F355B71F282D51070083FCD3 /* TestProjectUITests.xctest */ = {isa = PBXFileReference; explicitFileType = wrapper.cfbundle; includeInIndex = 0; path = TestProjectUITests.xctest; sourceTree = BUILT_PRODUCTS_DIR; };
		F355B723282D51070083FCD3 /* TestProjectUITests.swift */ = {isa = PBXFileReference; lastKnownFileType = sourcecode.swift; path = TestProjectUITests.swift; sourceTree = "<group>"; };
		F355B725282D51070083FCD3 /* TestProjectUITestsLaunchTests.swift */ = {isa = PBXFileReference; lastKnownFileType = sourcecode.swift; path = TestProjectUITestsLaunchTests.swift; sourceTree = "<group>"; };
		F355B733282E69700083FCD3 /* MainTabBarController.swift */ = {isa = PBXFileReference; lastKnownFileType = sourcecode.swift; path = MainTabBarController.swift; sourceTree = "<group>"; };
		F355B735282E6A3E0083FCD3 /* HomeViewController.swift */ = {isa = PBXFileReference; lastKnownFileType = sourcecode.swift; path = HomeViewController.swift; sourceTree = "<group>"; };
		F355B737282E6AA80083FCD3 /* SearchViewController.swift */ = {isa = PBXFileReference; lastKnownFileType = sourcecode.swift; path = SearchViewController.swift; sourceTree = "<group>"; };
		F355B739282E6DF10083FCD3 /* Main.storyboard */ = {isa = PBXFileReference; lastKnownFileType = file.storyboard; path = Main.storyboard; sourceTree = "<group>"; };
		F355B73C282E72AC0083FCD3 /* SegmentedControl + Extension.swift */ = {isa = PBXFileReference; lastKnownFileType = sourcecode.swift; path = "SegmentedControl + Extension.swift"; sourceTree = "<group>"; };
		F3FE73F3282FBF7D00092B9D /* Giphy.swift */ = {isa = PBXFileReference; lastKnownFileType = sourcecode.swift; path = Giphy.swift; sourceTree = "<group>"; };
		F3FE73F5282FCB5B00092B9D /* APIManager.swift */ = {isa = PBXFileReference; lastKnownFileType = sourcecode.swift; path = APIManager.swift; sourceTree = "<group>"; };
		F3FE73F7282FCB9800092B9D /* ErrorManager.swift */ = {isa = PBXFileReference; lastKnownFileType = sourcecode.swift; path = ErrorManager.swift; sourceTree = "<group>"; };
		F3FE73F9282FCC2C00092B9D /* APIGiphyManeger.swift */ = {isa = PBXFileReference; lastKnownFileType = sourcecode.swift; path = APIGiphyManeger.swift; sourceTree = "<group>"; };
		F3FE73FB283045DA00092B9D /* Data.swift */ = {isa = PBXFileReference; lastKnownFileType = sourcecode.swift; path = Data.swift; sourceTree = "<group>"; };
		F3FE73FE283058D800092B9D /* HomeCell.swift */ = {isa = PBXFileReference; lastKnownFileType = sourcecode.swift; path = HomeCell.swift; sourceTree = "<group>"; };
/* End PBXFileReference section */

/* Begin PBXFrameworksBuildPhase section */
		F355B6F9282D51010083FCD3 /* Frameworks */ = {
			isa = PBXFrameworksBuildPhase;
			buildActionMask = 2147483647;
			files = (
			);
			runOnlyForDeploymentPostprocessing = 0;
		};
		F355B712282D51070083FCD3 /* Frameworks */ = {
			isa = PBXFrameworksBuildPhase;
			buildActionMask = 2147483647;
			files = (
			);
			runOnlyForDeploymentPostprocessing = 0;
		};
		F355B71C282D51070083FCD3 /* Frameworks */ = {
			isa = PBXFrameworksBuildPhase;
			buildActionMask = 2147483647;
			files = (
			);
			runOnlyForDeploymentPostprocessing = 0;
		};
/* End PBXFrameworksBuildPhase section */

/* Begin PBXGroup section */
		F355B6F3282D51010083FCD3 = {
			isa = PBXGroup;
			children = (
				F355B6FE282D51010083FCD3 /* TestProject */,
				F355B718282D51070083FCD3 /* TestProjectTests */,
				F355B722282D51070083FCD3 /* TestProjectUITests */,
				F355B6FD282D51010083FCD3 /* Products */,
			);
			sourceTree = "<group>";
		};
		F355B6FD282D51010083FCD3 /* Products */ = {
			isa = PBXGroup;
			children = (
				F355B6FC282D51010083FCD3 /* TestProject.app */,
				F355B715282D51070083FCD3 /* TestProjectTests.xctest */,
				F355B71F282D51070083FCD3 /* TestProjectUITests.xctest */,
			);
			name = Products;
			sourceTree = "<group>";
		};
		F355B6FE282D51010083FCD3 /* TestProject */ = {
			isa = PBXGroup;
			children = (
				F3FE73F5282FCB5B00092B9D /* APIManager.swift */,
				F3FE73F9282FCC2C00092B9D /* APIGiphyManeger.swift */,
				F3FE73F7282FCB9800092B9D /* ErrorManager.swift */,
				F355B732282E69450083FCD3 /* Controllers */,
				F3FE73F2282FBF4F00092B9D /* Models */,
				F3FE73FD283058BB00092B9D /* Cell */,
				F355B73B282E72750083FCD3 /* Exstension */,
				F355B701282D51010083FCD3 /* SceneDelegate.swift */,
				F355B6FF282D51010083FCD3 /* AppDelegate.swift */,
				F355B739282E6DF10083FCD3 /* Main.storyboard */,
				F355B70B282D51060083FCD3 /* Assets.xcassets */,
				F355B70D282D51060083FCD3 /* LaunchScreen.storyboard */,
				F355B710282D51060083FCD3 /* Info.plist */,
				F355B708282D51010083FCD3 /* TestProject.xcdatamodeld */,
			);
			path = TestProject;
			sourceTree = "<group>";
		};
		F355B718282D51070083FCD3 /* TestProjectTests */ = {
			isa = PBXGroup;
			children = (
				F355B719282D51070083FCD3 /* TestProjectTests.swift */,
			);
			path = TestProjectTests;
			sourceTree = "<group>";
		};
		F355B722282D51070083FCD3 /* TestProjectUITests */ = {
			isa = PBXGroup;
			children = (
				F355B723282D51070083FCD3 /* TestProjectUITests.swift */,
				F355B725282D51070083FCD3 /* TestProjectUITestsLaunchTests.swift */,
			);
			path = TestProjectUITests;
			sourceTree = "<group>";
		};
		F355B732282E69450083FCD3 /* Controllers */ = {
			isa = PBXGroup;
			children = (
				F355B733282E69700083FCD3 /* MainTabBarController.swift */,
				F355B735282E6A3E0083FCD3 /* HomeViewController.swift */,
				F355B737282E6AA80083FCD3 /* SearchViewController.swift */,
			);
			path = Controllers;
			sourceTree = "<group>";
		};
		F355B73B282E72750083FCD3 /* Exstension */ = {
			isa = PBXGroup;
			children = (
				F355B73C282E72AC0083FCD3 /* SegmentedControl + Extension.swift */,
			);
			path = Exstension;
			sourceTree = "<group>";
		};
		F3FE73F2282FBF4F00092B9D /* Models */ = {
			isa = PBXGroup;
			children = (
				F3FE73F3282FBF7D00092B9D /* Giphy.swift */,
				F3FE73FB283045DA00092B9D /* Data.swift */,
			);
			path = Models;
			sourceTree = "<group>";
		};
		F3FE73FD283058BB00092B9D /* Cell */ = {
			isa = PBXGroup;
			children = (
				F3FE73FE283058D800092B9D /* HomeCell.swift */,
			);
			path = Cell;
			sourceTree = "<group>";
		};
/* End PBXGroup section */

/* Begin PBXNativeTarget section */
		F355B6FB282D51010083FCD3 /* TestProject */ = {
			isa = PBXNativeTarget;
			buildConfigurationList = F355B729282D51070083FCD3 /* Build configuration list for PBXNativeTarget "TestProject" */;
			buildPhases = (
				F355B6F8282D51010083FCD3 /* Sources */,
				F355B6F9282D51010083FCD3 /* Frameworks */,
				F355B6FA282D51010083FCD3 /* Resources */,
			);
			buildRules = (
			);
			dependencies = (
			);
			name = TestProject;
			productName = TestProject;
			productReference = F355B6FC282D51010083FCD3 /* TestProject.app */;
			productType = "com.apple.product-type.application";
		};
		F355B714282D51070083FCD3 /* TestProjectTests */ = {
			isa = PBXNativeTarget;
			buildConfigurationList = F355B72C282D51070083FCD3 /* Build configuration list for PBXNativeTarget "TestProjectTests" */;
			buildPhases = (
				F355B711282D51070083FCD3 /* Sources */,
				F355B712282D51070083FCD3 /* Frameworks */,
				F355B713282D51070083FCD3 /* Resources */,
			);
			buildRules = (
			);
			dependencies = (
				F355B717282D51070083FCD3 /* PBXTargetDependency */,
			);
			name = TestProjectTests;
			productName = TestProjectTests;
			productReference = F355B715282D51070083FCD3 /* TestProjectTests.xctest */;
			productType = "com.apple.product-type.bundle.unit-test";
		};
		F355B71E282D51070083FCD3 /* TestProjectUITests */ = {
			isa = PBXNativeTarget;
			buildConfigurationList = F355B72F282D51070083FCD3 /* Build configuration list for PBXNativeTarget "TestProjectUITests" */;
			buildPhases = (
				F355B71B282D51070083FCD3 /* Sources */,
				F355B71C282D51070083FCD3 /* Frameworks */,
				F355B71D282D51070083FCD3 /* Resources */,
			);
			buildRules = (
			);
			dependencies = (
				F355B721282D51070083FCD3 /* PBXTargetDependency */,
			);
			name = TestProjectUITests;
			productName = TestProjectUITests;
			productReference = F355B71F282D51070083FCD3 /* TestProjectUITests.xctest */;
			productType = "com.apple.product-type.bundle.ui-testing";
		};
/* End PBXNativeTarget section */

/* Begin PBXProject section */
		F355B6F4282D51010083FCD3 /* Project object */ = {
			isa = PBXProject;
			attributes = {
				BuildIndependentTargetsInParallel = 1;
				LastSwiftUpdateCheck = 1320;
				LastUpgradeCheck = 1320;
				TargetAttributes = {
					F355B6FB282D51010083FCD3 = {
						CreatedOnToolsVersion = 13.2.1;
					};
					F355B714282D51070083FCD3 = {
						CreatedOnToolsVersion = 13.2.1;
						TestTargetID = F355B6FB282D51010083FCD3;
					};
					F355B71E282D51070083FCD3 = {
						CreatedOnToolsVersion = 13.2.1;
						TestTargetID = F355B6FB282D51010083FCD3;
					};
				};
			};
			buildConfigurationList = F355B6F7282D51010083FCD3 /* Build configuration list for PBXProject "TestProject" */;
			compatibilityVersion = "Xcode 13.0";
			developmentRegion = en;
			hasScannedForEncodings = 0;
			knownRegions = (
				en,
				Base,
			);
			mainGroup = F355B6F3282D51010083FCD3;
			productRefGroup = F355B6FD282D51010083FCD3 /* Products */;
			projectDirPath = "";
			projectRoot = "";
			targets = (
				F355B6FB282D51010083FCD3 /* TestProject */,
				F355B714282D51070083FCD3 /* TestProjectTests */,
				F355B71E282D51070083FCD3 /* TestProjectUITests */,
			);
		};
/* End PBXProject section */

/* Begin PBXResourcesBuildPhase section */
		F355B6FA282D51010083FCD3 /* Resources */ = {
			isa = PBXResourcesBuildPhase;
			buildActionMask = 2147483647;
			files = (
				F355B73A282E6DF10083FCD3 /* Main.storyboard in Resources */,
				F355B70F282D51060083FCD3 /* LaunchScreen.storyboard in Resources */,
				F355B70C282D51060083FCD3 /* Assets.xcassets in Resources */,
			);
			runOnlyForDeploymentPostprocessing = 0;
		};
		F355B713282D51070083FCD3 /* Resources */ = {
			isa = PBXResourcesBuildPhase;
			buildActionMask = 2147483647;
			files = (
			);
			runOnlyForDeploymentPostprocessing = 0;
		};
		F355B71D282D51070083FCD3 /* Resources */ = {
			isa = PBXResourcesBuildPhase;
			buildActionMask = 2147483647;
			files = (
			);
			runOnlyForDeploymentPostprocessing = 0;
		};
/* End PBXResourcesBuildPhase section */

/* Begin PBXSourcesBuildPhase section */
		F355B6F8282D51010083FCD3 /* Sources */ = {
			isa = PBXSourcesBuildPhase;
			buildActionMask = 2147483647;
			files = (
				F355B738282E6AA80083FCD3 /* SearchViewController.swift in Sources */,
				F355B700282D51010083FCD3 /* AppDelegate.swift in Sources */,
				F355B734282E69700083FCD3 /* MainTabBarController.swift in Sources */,
				F3FE73F6282FCB5B00092B9D /* APIManager.swift in Sources */,
				F3FE73FA282FCC2C00092B9D /* APIGiphyManeger.swift in Sources */,
				F3FE73F8282FCB9800092B9D /* ErrorManager.swift in Sources */,
				F3FE73FF283058D800092B9D /* HomeCell.swift in Sources */,
				F355B702282D51010083FCD3 /* SceneDelegate.swift in Sources */,
				F3FE73FC283045DA00092B9D /* Data.swift in Sources */,
				F355B70A282D51010083FCD3 /* TestProject.xcdatamodeld in Sources */,
				F355B73D282E72AC0083FCD3 /* SegmentedControl + Extension.swift in Sources */,
				F355B736282E6A3E0083FCD3 /* HomeViewController.swift in Sources */,
				F3FE73F4282FBF7D00092B9D /* Giphy.swift in Sources */,
			);
			runOnlyForDeploymentPostprocessing = 0;
		};
		F355B711282D51070083FCD3 /* Sources */ = {
			isa = PBXSourcesBuildPhase;
			buildActionMask = 2147483647;
			files = (
				F355B71A282D51070083FCD3 /* TestProjectTests.swift in Sources */,
			);
			runOnlyForDeploymentPostprocessing = 0;
		};
		F355B71B282D51070083FCD3 /* Sources */ = {
			isa = PBXSourcesBuildPhase;
			buildActionMask = 2147483647;
			files = (
				F355B726282D51070083FCD3 /* TestProjectUITestsLaunchTests.swift in Sources */,
				F355B724282D51070083FCD3 /* TestProjectUITests.swift in Sources */,
			);
			runOnlyForDeploymentPostprocessing = 0;
		};
/* End PBXSourcesBuildPhase section */

/* Begin PBXTargetDependency section */
		F355B717282D51070083FCD3 /* PBXTargetDependency */ = {
			isa = PBXTargetDependency;
			target = F355B6FB282D51010083FCD3 /* TestProject */;
			targetProxy = F355B716282D51070083FCD3 /* PBXContainerItemProxy */;
		};
		F355B721282D51070083FCD3 /* PBXTargetDependency */ = {
			isa = PBXTargetDependency;
			target = F355B6FB282D51010083FCD3 /* TestProject */;
			targetProxy = F355B720282D51070083FCD3 /* PBXContainerItemProxy */;
		};
/* End PBXTargetDependency section */

/* Begin PBXVariantGroup section */
		F355B70D282D51060083FCD3 /* LaunchScreen.storyboard */ = {
			isa = PBXVariantGroup;
			children = (
				F355B70E282D51060083FCD3 /* Base */,
			);
			name = LaunchScreen.storyboard;
			sourceTree = "<group>";
		};
/* End PBXVariantGroup section */

/* Begin XCBuildConfiguration section */
		F355B727282D51070083FCD3 /* Debug */ = {
			isa = XCBuildConfiguration;
			buildSettings = {
				ALWAYS_SEARCH_USER_PATHS = NO;
				CLANG_ANALYZER_NONNULL = YES;
				CLANG_ANALYZER_NUMBER_OBJECT_CONVERSION = YES_AGGRESSIVE;
				CLANG_CXX_LANGUAGE_STANDARD = "gnu++17";
				CLANG_CXX_LIBRARY = "libc++";
				CLANG_ENABLE_MODULES = YES;
				CLANG_ENABLE_OBJC_ARC = YES;
				CLANG_ENABLE_OBJC_WEAK = YES;
				CLANG_WARN_BLOCK_CAPTURE_AUTORELEASING = YES;
				CLANG_WARN_BOOL_CONVERSION = YES;
				CLANG_WARN_COMMA = YES;
				CLANG_WARN_CONSTANT_CONVERSION = YES;
				CLANG_WARN_DEPRECATED_OBJC_IMPLEMENTATIONS = YES;
				CLANG_WARN_DIRECT_OBJC_ISA_USAGE = YES_ERROR;
				CLANG_WARN_DOCUMENTATION_COMMENTS = YES;
				CLANG_WARN_EMPTY_BODY = YES;
				CLANG_WARN_ENUM_CONVERSION = YES;
				CLANG_WARN_INFINITE_RECURSION = YES;
				CLANG_WARN_INT_CONVERSION = YES;
				CLANG_WARN_NON_LITERAL_NULL_CONVERSION = YES;
				CLANG_WARN_OBJC_IMPLICIT_RETAIN_SELF = YES;
				CLANG_WARN_OBJC_LITERAL_CONVERSION = YES;
				CLANG_WARN_OBJC_ROOT_CLASS = YES_ERROR;
				CLANG_WARN_QUOTED_INCLUDE_IN_FRAMEWORK_HEADER = YES;
				CLANG_WARN_RANGE_LOOP_ANALYSIS = YES;
				CLANG_WARN_STRICT_PROTOTYPES = YES;
				CLANG_WARN_SUSPICIOUS_MOVE = YES;
				CLANG_WARN_UNGUARDED_AVAILABILITY = YES_AGGRESSIVE;
				CLANG_WARN_UNREACHABLE_CODE = YES;
				CLANG_WARN__DUPLICATE_METHOD_MATCH = YES;
				COPY_PHASE_STRIP = NO;
				DEBUG_INFORMATION_FORMAT = dwarf;
				ENABLE_STRICT_OBJC_MSGSEND = YES;
				ENABLE_TESTABILITY = YES;
				GCC_C_LANGUAGE_STANDARD = gnu11;
				GCC_DYNAMIC_NO_PIC = NO;
				GCC_NO_COMMON_BLOCKS = YES;
				GCC_OPTIMIZATION_LEVEL = 0;
				GCC_PREPROCESSOR_DEFINITIONS = (
					"DEBUG=1",
					"$(inherited)",
				);
				GCC_WARN_64_TO_32_BIT_CONVERSION = YES;
				GCC_WARN_ABOUT_RETURN_TYPE = YES_ERROR;
				GCC_WARN_UNDECLARED_SELECTOR = YES;
				GCC_WARN_UNINITIALIZED_AUTOS = YES_AGGRESSIVE;
				GCC_WARN_UNUSED_FUNCTION = YES;
				GCC_WARN_UNUSED_VARIABLE = YES;
				IPHONEOS_DEPLOYMENT_TARGET = 15.2;
				MTL_ENABLE_DEBUG_INFO = INCLUDE_SOURCE;
				MTL_FAST_MATH = YES;
				ONLY_ACTIVE_ARCH = YES;
				SDKROOT = iphoneos;
				SWIFT_ACTIVE_COMPILATION_CONDITIONS = DEBUG;
				SWIFT_OPTIMIZATION_LEVEL = "-Onone";
			};
			name = Debug;
		};
		F355B728282D51070083FCD3 /* Release */ = {
			isa = XCBuildConfiguration;
			buildSettings = {
				ALWAYS_SEARCH_USER_PATHS = NO;
				CLANG_ANALYZER_NONNULL = YES;
				CLANG_ANALYZER_NUMBER_OBJECT_CONVERSION = YES_AGGRESSIVE;
				CLANG_CXX_LANGUAGE_STANDARD = "gnu++17";
				CLANG_CXX_LIBRARY = "libc++";
				CLANG_ENABLE_MODULES = YES;
				CLANG_ENABLE_OBJC_ARC = YES;
				CLANG_ENABLE_OBJC_WEAK = YES;
				CLANG_WARN_BLOCK_CAPTURE_AUTORELEASING = YES;
				CLANG_WARN_BOOL_CONVERSION = YES;
				CLANG_WARN_COMMA = YES;
				CLANG_WARN_CONSTANT_CONVERSION = YES;
				CLANG_WARN_DEPRECATED_OBJC_IMPLEMENTATIONS = YES;
				CLANG_WARN_DIRECT_OBJC_ISA_USAGE = YES_ERROR;
				CLANG_WARN_DOCUMENTATION_COMMENTS = YES;
				CLANG_WARN_EMPTY_BODY = YES;
				CLANG_WARN_ENUM_CONVERSION = YES;
				CLANG_WARN_INFINITE_RECURSION = YES;
				CLANG_WARN_INT_CONVERSION = YES;
				CLANG_WARN_NON_LITERAL_NULL_CONVERSION = YES;
				CLANG_WARN_OBJC_IMPLICIT_RETAIN_SELF = YES;
				CLANG_WARN_OBJC_LITERAL_CONVERSION = YES;
				CLANG_WARN_OBJC_ROOT_CLASS = YES_ERROR;
				CLANG_WARN_QUOTED_INCLUDE_IN_FRAMEWORK_HEADER = YES;
				CLANG_WARN_RANGE_LOOP_ANALYSIS = YES;
				CLANG_WARN_STRICT_PROTOTYPES = YES;
				CLANG_WARN_SUSPICIOUS_MOVE = YES;
				CLANG_WARN_UNGUARDED_AVAILABILITY = YES_AGGRESSIVE;
				CLANG_WARN_UNREACHABLE_CODE = YES;
				CLANG_WARN__DUPLICATE_METHOD_MATCH = YES;
				COPY_PHASE_STRIP = NO;
				DEBUG_INFORMATION_FORMAT = "dwarf-with-dsym";
				ENABLE_NS_ASSERTIONS = NO;
				ENABLE_STRICT_OBJC_MSGSEND = YES;
				GCC_C_LANGUAGE_STANDARD = gnu11;
				GCC_NO_COMMON_BLOCKS = YES;
				GCC_WARN_64_TO_32_BIT_CONVERSION = YES;
				GCC_WARN_ABOUT_RETURN_TYPE = YES_ERROR;
				GCC_WARN_UNDECLARED_SELECTOR = YES;
				GCC_WARN_UNINITIALIZED_AUTOS = YES_AGGRESSIVE;
				GCC_WARN_UNUSED_FUNCTION = YES;
				GCC_WARN_UNUSED_VARIABLE = YES;
				IPHONEOS_DEPLOYMENT_TARGET = 15.2;
				MTL_ENABLE_DEBUG_INFO = NO;
				MTL_FAST_MATH = YES;
				SDKROOT = iphoneos;
				SWIFT_COMPILATION_MODE = wholemodule;
				SWIFT_OPTIMIZATION_LEVEL = "-O";
				VALIDATE_PRODUCT = YES;
			};
			name = Release;
		};
		F355B72A282D51070083FCD3 /* Debug */ = {
			isa = XCBuildConfiguration;
			buildSettings = {
				ASSETCATALOG_COMPILER_APPICON_NAME = AppIcon;
				ASSETCATALOG_COMPILER_GLOBAL_ACCENT_COLOR_NAME = AccentColor;
				CODE_SIGN_STYLE = Automatic;
				CURRENT_PROJECT_VERSION = 1;
				DEVELOPMENT_TEAM = WLMWR54MBP;
				GENERATE_INFOPLIST_FILE = YES;
				INFOPLIST_FILE = TestProject/Info.plist;
				INFOPLIST_KEY_UIApplicationSupportsIndirectInputEvents = YES;
				INFOPLIST_KEY_UILaunchStoryboardName = LaunchScreen;
				INFOPLIST_KEY_UIMainStoryboardFile = Main;
				INFOPLIST_KEY_UISupportedInterfaceOrientations_iPad = "UIInterfaceOrientationPortrait UIInterfaceOrientationPortraitUpsideDown UIInterfaceOrientationLandscapeLeft UIInterfaceOrientationLandscapeRight";
				INFOPLIST_KEY_UISupportedInterfaceOrientations_iPhone = "UIInterfaceOrientationPortrait UIInterfaceOrientationLandscapeLeft UIInterfaceOrientationLandscapeRight";
				LD_RUNPATH_SEARCH_PATHS = (
					"$(inherited)",
					"@executable_path/Frameworks",
				);
				MARKETING_VERSION = 1.0;
				PRODUCT_BUNDLE_IDENTIFIER = smu117.TestProject;
				PRODUCT_NAME = "$(TARGET_NAME)";
				SWIFT_EMIT_LOC_STRINGS = YES;
				SWIFT_VERSION = 5.0;
				TARGETED_DEVICE_FAMILY = "1,2";
			};
			name = Debug;
		};
		F355B72B282D51070083FCD3 /* Release */ = {
			isa = XCBuildConfiguration;
			buildSettings = {
				ASSETCATALOG_COMPILER_APPICON_NAME = AppIcon;
				ASSETCATALOG_COMPILER_GLOBAL_ACCENT_COLOR_NAME = AccentColor;
				CODE_SIGN_STYLE = Automatic;
				CURRENT_PROJECT_VERSION = 1;
				DEVELOPMENT_TEAM = WLMWR54MBP;
				GENERATE_INFOPLIST_FILE = YES;
				INFOPLIST_FILE = TestProject/Info.plist;
				INFOPLIST_KEY_UIApplicationSupportsIndirectInputEvents = YES;
				INFOPLIST_KEY_UILaunchStoryboardName = LaunchScreen;
				INFOPLIST_KEY_UIMainStoryboardFile = Main;
				INFOPLIST_KEY_UISupportedInterfaceOrientations_iPad = "UIInterfaceOrientationPortrait UIInterfaceOrientationPortraitUpsideDown UIInterfaceOrientationLandscapeLeft UIInterfaceOrientationLandscapeRight";
				INFOPLIST_KEY_UISupportedInterfaceOrientations_iPhone = "UIInterfaceOrientationPortrait UIInterfaceOrientationLandscapeLeft UIInterfaceOrientationLandscapeRight";
				LD_RUNPATH_SEARCH_PATHS = (
					"$(inherited)",
					"@executable_path/Frameworks",
				);
				MARKETING_VERSION = 1.0;
				PRODUCT_BUNDLE_IDENTIFIER = smu117.TestProject;
				PRODUCT_NAME = "$(TARGET_NAME)";
				SWIFT_EMIT_LOC_STRINGS = YES;
				SWIFT_VERSION = 5.0;
				TARGETED_DEVICE_FAMILY = "1,2";
			};
			name = Release;
		};
		F355B72D282D51070083FCD3 /* Debug */ = {
			isa = XCBuildConfiguration;
			buildSettings = {
				ALWAYS_EMBED_SWIFT_STANDARD_LIBRARIES = YES;
				BUNDLE_LOADER = "$(TEST_HOST)";
				CODE_SIGN_STYLE = Automatic;
				CURRENT_PROJECT_VERSION = 1;
				DEVELOPMENT_TEAM = WLMWR54MBP;
				GENERATE_INFOPLIST_FILE = YES;
				IPHONEOS_DEPLOYMENT_TARGET = 15.2;
				MARKETING_VERSION = 1.0;
				PRODUCT_BUNDLE_IDENTIFIER = smu117.TestProjectTests;
				PRODUCT_NAME = "$(TARGET_NAME)";
				SWIFT_EMIT_LOC_STRINGS = NO;
				SWIFT_VERSION = 5.0;
				TARGETED_DEVICE_FAMILY = "1,2";
				TEST_HOST = "$(BUILT_PRODUCTS_DIR)/TestProject.app/TestProject";
			};
			name = Debug;
		};
		F355B72E282D51070083FCD3 /* Release */ = {
			isa = XCBuildConfiguration;
			buildSettings = {
				ALWAYS_EMBED_SWIFT_STANDARD_LIBRARIES = YES;
				BUNDLE_LOADER = "$(TEST_HOST)";
				CODE_SIGN_STYLE = Automatic;
				CURRENT_PROJECT_VERSION = 1;
				DEVELOPMENT_TEAM = WLMWR54MBP;
				GENERATE_INFOPLIST_FILE = YES;
				IPHONEOS_DEPLOYMENT_TARGET = 15.2;
				MARKETING_VERSION = 1.0;
				PRODUCT_BUNDLE_IDENTIFIER = smu117.TestProjectTests;
				PRODUCT_NAME = "$(TARGET_NAME)";
				SWIFT_EMIT_LOC_STRINGS = NO;
				SWIFT_VERSION = 5.0;
				TARGETED_DEVICE_FAMILY = "1,2";
				TEST_HOST = "$(BUILT_PRODUCTS_DIR)/TestProject.app/TestProject";
			};
			name = Release;
		};
		F355B730282D51070083FCD3 /* Debug */ = {
			isa = XCBuildConfiguration;
			buildSettings = {
				ALWAYS_EMBED_SWIFT_STANDARD_LIBRARIES = YES;
				CODE_SIGN_STYLE = Automatic;
				CURRENT_PROJECT_VERSION = 1;
				DEVELOPMENT_TEAM = WLMWR54MBP;
				GENERATE_INFOPLIST_FILE = YES;
				MARKETING_VERSION = 1.0;
				PRODUCT_BUNDLE_IDENTIFIER = smu117.TestProjectUITests;
				PRODUCT_NAME = "$(TARGET_NAME)";
				SWIFT_EMIT_LOC_STRINGS = NO;
				SWIFT_VERSION = 5.0;
				TARGETED_DEVICE_FAMILY = "1,2";
				TEST_TARGET_NAME = TestProject;
			};
			name = Debug;
		};
		F355B731282D51070083FCD3 /* Release */ = {
			isa = XCBuildConfiguration;
			buildSettings = {
				ALWAYS_EMBED_SWIFT_STANDARD_LIBRARIES = YES;
				CODE_SIGN_STYLE = Automatic;
				CURRENT_PROJECT_VERSION = 1;
				DEVELOPMENT_TEAM = WLMWR54MBP;
				GENERATE_INFOPLIST_FILE = YES;
				MARKETING_VERSION = 1.0;
				PRODUCT_BUNDLE_IDENTIFIER = smu117.TestProjectUITests;
				PRODUCT_NAME = "$(TARGET_NAME)";
				SWIFT_EMIT_LOC_STRINGS = NO;
				SWIFT_VERSION = 5.0;
				TARGETED_DEVICE_FAMILY = "1,2";
				TEST_TARGET_NAME = TestProject;
			};
			name = Release;
		};
/* End XCBuildConfiguration section */

/* Begin XCConfigurationList section */
		F355B6F7282D51010083FCD3 /* Build configuration list for PBXProject "TestProject" */ = {
			isa = XCConfigurationList;
			buildConfigurations = (
				F355B727282D51070083FCD3 /* Debug */,
				F355B728282D51070083FCD3 /* Release */,
			);
			defaultConfigurationIsVisible = 0;
			defaultConfigurationName = Release;
		};
		F355B729282D51070083FCD3 /* Build configuration list for PBXNativeTarget "TestProject" */ = {
			isa = XCConfigurationList;
			buildConfigurations = (
				F355B72A282D51070083FCD3 /* Debug */,
				F355B72B282D51070083FCD3 /* Release */,
			);
			defaultConfigurationIsVisible = 0;
			defaultConfigurationName = Release;
		};
		F355B72C282D51070083FCD3 /* Build configuration list for PBXNativeTarget "TestProjectTests" */ = {
			isa = XCConfigurationList;
			buildConfigurations = (
				F355B72D282D51070083FCD3 /* Debug */,
				F355B72E282D51070083FCD3 /* Release */,
			);
			defaultConfigurationIsVisible = 0;
			defaultConfigurationName = Release;
		};
		F355B72F282D51070083FCD3 /* Build configuration list for PBXNativeTarget "TestProjectUITests" */ = {
			isa = XCConfigurationList;
			buildConfigurations = (
				F355B730282D51070083FCD3 /* Debug */,
				F355B731282D51070083FCD3 /* Release */,
			);
			defaultConfigurationIsVisible = 0;
			defaultConfigurationName = Release;
		};
/* End XCConfigurationList section */

/* Begin XCVersionGroup section */
		F355B708282D51010083FCD3 /* TestProject.xcdatamodeld */ = {
			isa = XCVersionGroup;
			children = (
				F355B709282D51010083FCD3 /* TestProject.xcdatamodel */,
			);
			currentVersion = F355B709282D51010083FCD3 /* TestProject.xcdatamodel */;
			path = TestProject.xcdatamodeld;
			sourceTree = "<group>";
			versionGroupType = wrapper.xcdatamodel;
		};
/* End XCVersionGroup section */
	};
	rootObject = F355B6F4282D51010083FCD3 /* Project object */;
}
